
Microsoft Visual Studio Solution File, Format Version 12.00
# Visual Studio Version 16
VisualStudioVersion = 16.0.32106.194
MinimumVisualStudioVersion = 10.0.40219.1
Project("{9A19103F-16F7-4668-BE54-9A1E7A4F7556}") = "KarlMillares.Assessment1", "KarlMillares_Assessment1\KarlMillares.Assessment1.csproj", "{545D6316-F6FC-468B-B165-4DD5236B0094}"
EndProject
Project("{9A19103F-16F7-4668-BE54-9A1E7A4F7556}") = "KarlMillares.Assessment1.Tests", "KarlMillares.Assessment1.Tests\KarlMillares.Assessment1.Tests.csproj", "{319DE5F1-66D5-4AD4-8B5C-C1428C17122F}"
EndProject
Project("{2150E333-8FDC-42A3-9474-1A3956D46DE8}") = "Assessment2", "Assessment2", "{314BEBF3-264E-41AC-9AE7-BBD14559C887}"
EndProject
Project("{9A19103F-16F7-4668-BE54-9A1E7A4F7556}") = "KarlMillares.Assessment2", "KarlMillares.Assessment2\KarlMillares.Assessment2.csproj", "{940D0F98-B816-4F36-81E2-6E21D6290334}"
EndProject
Project("{2150E333-8FDC-42A3-9474-1A3956D46DE8}") = "Assessment1", "Assessment1", "{8D90CCDB-283D-4A71-ACF4-B862E7202F32}"
EndProject
Global
	GlobalSection(SolutionConfigurationPlatforms) = preSolution
		Debug|Any CPU = Debug|Any CPU
		Release|Any CPU = Release|Any CPU
	EndGlobalSection
	GlobalSection(ProjectConfigurationPlatforms) = postSolution
		{545D6316-F6FC-468B-B165-4DD5236B0094}.Debug|Any CPU.ActiveCfg = Debug|Any CPU
		{545D6316-F6FC-468B-B165-4DD5236B0094}.Debug|Any CPU.Build.0 = Debug|Any CPU
		{545D6316-F6FC-468B-B165-4DD5236B0094}.Release|Any CPU.ActiveCfg = Release|Any CPU
		{545D6316-F6FC-468B-B165-4DD5236B0094}.Release|Any CPU.Build.0 = Release|Any CPU
		{319DE5F1-66D5-4AD4-8B5C-C1428C17122F}.Debug|Any CPU.ActiveCfg = Debug|Any CPU
		{319DE5F1-66D5-4AD4-8B5C-C1428C17122F}.Debug|Any CPU.Build.0 = Debug|Any CPU
		{319DE5F1-66D5-4AD4-8B5C-C1428C17122F}.Release|Any CPU.ActiveCfg = Release|Any CPU
		{319DE5F1-66D5-4AD4-8B5C-C1428C17122F}.Release|Any CPU.Build.0 = Release|Any CPU
		{940D0F98-B816-4F36-81E2-6E21D6290334}.Debug|Any CPU.ActiveCfg = Debug|Any CPU
		{940D0F98-B816-4F36-81E2-6E21D6290334}.Debug|Any CPU.Build.0 = Debug|Any CPU
		{940D0F98-B816-4F36-81E2-6E21D6290334}.Release|Any CPU.ActiveCfg = Release|Any CPU
		{940D0F98-B816-4F36-81E2-6E21D6290334}.Release|Any CPU.Build.0 = Release|Any CPU
	EndGlobalSection
	GlobalSection(SolutionProperties) = preSolution
		HideSolutionNode = FALSE
	EndGlobalSection
	GlobalSection(NestedProjects) = preSolution
		{545D6316-F6FC-468B-B165-4DD5236B0094} = {8D90CCDB-283D-4A71-ACF4-B862E7202F32}
		{319DE5F1-66D5-4AD4-8B5C-C1428C17122F} = {8D90CCDB-283D-4A71-ACF4-B862E7202F32}
		{940D0F98-B816-4F36-81E2-6E21D6290334} = {314BEBF3-264E-41AC-9AE7-BBD14559C887}
	EndGlobalSection
	GlobalSection(ExtensibilityGlobals) = postSolution
		SolutionGuid = {2F15BACB-9F39-47AF-85C4-25F8251C14F6}
	EndGlobalSection
EndGlobal
